
Microsoft Visual Studio Solution File, Format Version 12.00
# Visual Studio Version 17
VisualStudioVersion = 17.14.36408.4 d17.14
MinimumVisualStudioVersion = 10.0.40219.1
Project("{FAE04EC0-301F-11D3-BF4B-00C04F79EFBC}") = "POS_ML_Test", "POS_ML_Test.csproj", "{65B42471-2EC1-40E9-ACA3-AEA462B816C5}"
EndProject
Global
	GlobalSection(SolutionConfigurationPlatforms) = preSolution
		Debug|Any CPU = Debug|Any CPU
		Release|Any CPU = Release|Any CPU
	EndGlobalSection
	GlobalSection(ProjectConfigurationPlatforms) = postSolution
		{65B42471-2EC1-40E9-ACA3-AEA462B816C5}.Debug|Any CPU.ActiveCfg = Debug|Any CPU
		{65B42471-2EC1-40E9-ACA3-AEA462B816C5}.Debug|Any CPU.Build.0 = Debug|Any CPU
		{65B42471-2EC1-40E9-ACA3-AEA462B816C5}.Release|Any CPU.ActiveCfg = Release|Any CPU
		{65B42471-2EC1-40E9-ACA3-AEA462B816C5}.Release|Any CPU.Build.0 = Release|Any CPU
	EndGlobalSection
	GlobalSection(SolutionProperties) = preSolution
		HideSolutionNode = FALSE
	EndGlobalSection
	GlobalSection(ExtensibilityGlobals) = postSolution
		SolutionGuid = {A1159964-12B9-4DCE-8D2C-EFA9854A22D0}
	EndGlobalSection
EndGlobal
